// !$*UTF8*$!
{
	archiveVersion = 1;
	classes = {
	};
	objectVersion = 56;
	objects = {

/* Begin PBXBuildFile section */
		C12AEF892C4328B200B29527 /* ImageWindow.swift in Sources */ = {isa = PBXBuildFile; fileRef = C12AEF882C4328B200B29527 /* ImageWindow.swift */; };
		C12AEF8B2C4328D500B29527 /* AppDelegate.swift in Sources */ = {isa = PBXBuildFile; fileRef = C12AEF8A2C4328D500B29527 /* AppDelegate.swift */; };
		C12AEF8D2C43453C00B29527 /* CursorModifier.swift in Sources */ = {isa = PBXBuildFile; fileRef = C12AEF8C2C43453C00B29527 /* CursorModifier.swift */; };
		C12AEF8F2C443E4600B29527 /* Cursors.swift in Sources */ = {isa = PBXBuildFile; fileRef = C12AEF8E2C443E4600B29527 /* Cursors.swift */; };
		C12AEF912C44852C00B29527 /* CursorDecorationOverlay.swift in Sources */ = {isa = PBXBuildFile; fileRef = C12AEF902C44852C00B29527 /* CursorDecorationOverlay.swift */; };
		C140CAEC2C457B1B00FAB807 /* ContourPathExtractor.swift in Sources */ = {isa = PBXBuildFile; fileRef = C140CAEB2C457B1B00FAB807 /* ContourPathExtractor.swift */; };
		C1448EAE2C459D2B00639D0D /* TldrawView.swift in Sources */ = {isa = PBXBuildFile; fileRef = C1448EAD2C459D2B00639D0D /* TldrawView.swift */; };
		C149800C2C45EDE500C4E4D0 /* BridgeTypes.swift in Sources */ = {isa = PBXBuildFile; fileRef = C149800B2C45EDE500C4E4D0 /* BridgeTypes.swift */; };
		C149800E2C45F1E900C4E4D0 /* Bridge.swift in Sources */ = {isa = PBXBuildFile; fileRef = C149800D2C45F1E900C4E4D0 /* Bridge.swift */; };
		C1753ADB2C42148100BC7F6C /* ShieldOverlay.swift in Sources */ = {isa = PBXBuildFile; fileRef = C1753ADA2C42148100BC7F6C /* ShieldOverlay.swift */; };
		C1753ADD2C42447000BC7F6C /* Keycode.swift in Sources */ = {isa = PBXBuildFile; fileRef = C1753ADC2C42447000BC7F6C /* Keycode.swift */; };
		C17645982C3F8DB400E60BE4 /* TlshotApp.swift in Sources */ = {isa = PBXBuildFile; fileRef = C17645972C3F8DB400E60BE4 /* TlshotApp.swift */; };
		C176459A2C3F8DB400E60BE4 /* ContentView.swift in Sources */ = {isa = PBXBuildFile; fileRef = C17645992C3F8DB400E60BE4 /* ContentView.swift */; };
		C176459C2C3F8DB800E60BE4 /* Assets.xcassets in Resources */ = {isa = PBXBuildFile; fileRef = C176459B2C3F8DB800E60BE4 /* Assets.xcassets */; };
		C176459F2C3F8DB800E60BE4 /* Preview Assets.xcassets in Resources */ = {isa = PBXBuildFile; fileRef = C176459E2C3F8DB800E60BE4 /* Preview Assets.xcassets */; };
		C17645AA2C3F8DB800E60BE4 /* tlshotTests.swift in Sources */ = {isa = PBXBuildFile; fileRef = C17645A92C3F8DB800E60BE4 /* tlshotTests.swift */; };
		C17645B42C3F8DB800E60BE4 /* tlshotUITests.swift in Sources */ = {isa = PBXBuildFile; fileRef = C17645B32C3F8DB800E60BE4 /* tlshotUITests.swift */; };
		C17645B62C3F8DB800E60BE4 /* tlshotUITestsLaunchTests.swift in Sources */ = {isa = PBXBuildFile; fileRef = C17645B52C3F8DB800E60BE4 /* tlshotUITestsLaunchTests.swift */; };
		C17645C32C40303000E60BE4 /* CaptureWindow.swift in Sources */ = {isa = PBXBuildFile; fileRef = C17645C22C40303000E60BE4 /* CaptureWindow.swift */; };
		C17645C52C40847000E60BE4 /* PermissionWarningView.swift in Sources */ = {isa = PBXBuildFile; fileRef = C17645C42C40847000E60BE4 /* PermissionWarningView.swift */; };
		C17645C72C40965700E60BE4 /* OverlayPanel.swift in Sources */ = {isa = PBXBuildFile; fileRef = C17645C62C40965700E60BE4 /* OverlayPanel.swift */; };
		C17645C92C40C56100E60BE4 /* LoupeView.swift in Sources */ = {isa = PBXBuildFile; fileRef = C17645C82C40C56100E60BE4 /* LoupeView.swift */; };
		C17645CB2C415C6A00E60BE4 /* CGRect+Coordinates.swift in Sources */ = {isa = PBXBuildFile; fileRef = C17645CA2C415C6A00E60BE4 /* CGRect+Coordinates.swift */; };
		C17645CD2C418B4D00E60BE4 /* ScreenshotService.swift in Sources */ = {isa = PBXBuildFile; fileRef = C17645CC2C418B4D00E60BE4 /* ScreenshotService.swift */; };
		C17645CF2C41B0C500E60BE4 /* WindowPicker.swift in Sources */ = {isa = PBXBuildFile; fileRef = C17645CE2C41B0C500E60BE4 /* WindowPicker.swift */; };
		C17645D12C41B36400E60BE4 /* TldrawDocument.swift in Sources */ = {isa = PBXBuildFile; fileRef = C17645D02C41B36400E60BE4 /* TldrawDocument.swift */; };
		C17645D32C41B7D000E60BE4 /* AreaSelectionOverlayManager.swift in Sources */ = {isa = PBXBuildFile; fileRef = C17645D22C41B7D000E60BE4 /* AreaSelectionOverlayManager.swift */; };
		C1CD21602C47082A0079AAEF /* BridgeDelegate.swift in Sources */ = {isa = PBXBuildFile; fileRef = C1CD215F2C47082A0079AAEF /* BridgeDelegate.swift */; };
		C1CD21622C5188500079AAEF /* NotificationSupport.swift in Sources */ = {isa = PBXBuildFile; fileRef = C1CD21612C5188500079AAEF /* NotificationSupport.swift */; };
		C1CD21642C51C9C20079AAEF /* SaveDirectory.swift in Sources */ = {isa = PBXBuildFile; fileRef = C1CD21632C51C9C20079AAEF /* SaveDirectory.swift */; };
/* End PBXBuildFile section */

/* Begin PBXContainerItemProxy section */
		C17645A62C3F8DB800E60BE4 /* PBXContainerItemProxy */ = {
			isa = PBXContainerItemProxy;
			containerPortal = C176458C2C3F8DB400E60BE4 /* Project object */;
			proxyType = 1;
			remoteGlobalIDString = C17645932C3F8DB400E60BE4;
			remoteInfo = tlshot;
		};
		C17645B02C3F8DB800E60BE4 /* PBXContainerItemProxy */ = {
			isa = PBXContainerItemProxy;
			containerPortal = C176458C2C3F8DB400E60BE4 /* Project object */;
			proxyType = 1;
			remoteGlobalIDString = C17645932C3F8DB400E60BE4;
			remoteInfo = tlshot;
		};
/* End PBXContainerItemProxy section */

/* Begin PBXFileReference section */
		C12AEF882C4328B200B29527 /* ImageWindow.swift */ = {isa = PBXFileReference; lastKnownFileType = sourcecode.swift; path = ImageWindow.swift; sourceTree = "<group>"; };
		C12AEF8A2C4328D500B29527 /* AppDelegate.swift */ = {isa = PBXFileReference; lastKnownFileType = sourcecode.swift; path = AppDelegate.swift; sourceTree = "<group>"; };
		C12AEF8C2C43453C00B29527 /* CursorModifier.swift */ = {isa = PBXFileReference; lastKnownFileType = sourcecode.swift; path = CursorModifier.swift; sourceTree = "<group>"; };
		C12AEF8E2C443E4600B29527 /* Cursors.swift */ = {isa = PBXFileReference; lastKnownFileType = sourcecode.swift; path = Cursors.swift; sourceTree = "<group>"; };
		C12AEF902C44852C00B29527 /* CursorDecorationOverlay.swift */ = {isa = PBXFileReference; lastKnownFileType = sourcecode.swift; path = CursorDecorationOverlay.swift; sourceTree = "<group>"; };
		C140CAEB2C457B1B00FAB807 /* ContourPathExtractor.swift */ = {isa = PBXFileReference; lastKnownFileType = sourcecode.swift; path = ContourPathExtractor.swift; sourceTree = "<group>"; };
		C1448EAD2C459D2B00639D0D /* TldrawView.swift */ = {isa = PBXFileReference; lastKnownFileType = sourcecode.swift; path = TldrawView.swift; sourceTree = "<group>"; };
		C149800B2C45EDE500C4E4D0 /* BridgeTypes.swift */ = {isa = PBXFileReference; fileEncoding = 4; lastKnownFileType = sourcecode.swift; path = BridgeTypes.swift; sourceTree = "<group>"; };
		C149800D2C45F1E900C4E4D0 /* Bridge.swift */ = {isa = PBXFileReference; lastKnownFileType = sourcecode.swift; path = Bridge.swift; sourceTree = "<group>"; };
		C1753ADA2C42148100BC7F6C /* ShieldOverlay.swift */ = {isa = PBXFileReference; lastKnownFileType = sourcecode.swift; path = ShieldOverlay.swift; sourceTree = "<group>"; };
		C1753ADC2C42447000BC7F6C /* Keycode.swift */ = {isa = PBXFileReference; lastKnownFileType = sourcecode.swift; path = Keycode.swift; sourceTree = "<group>"; };
		C17645942C3F8DB400E60BE4 /* tlshot.app */ = {isa = PBXFileReference; explicitFileType = wrapper.application; includeInIndex = 0; path = tlshot.app; sourceTree = BUILT_PRODUCTS_DIR; };
		C17645972C3F8DB400E60BE4 /* TlshotApp.swift */ = {isa = PBXFileReference; lastKnownFileType = sourcecode.swift; path = TlshotApp.swift; sourceTree = "<group>"; };
		C17645992C3F8DB400E60BE4 /* ContentView.swift */ = {isa = PBXFileReference; lastKnownFileType = sourcecode.swift; path = ContentView.swift; sourceTree = "<group>"; };
		C176459B2C3F8DB800E60BE4 /* Assets.xcassets */ = {isa = PBXFileReference; lastKnownFileType = folder.assetcatalog; path = Assets.xcassets; sourceTree = "<group>"; };
		C176459E2C3F8DB800E60BE4 /* Preview Assets.xcassets */ = {isa = PBXFileReference; lastKnownFileType = folder.assetcatalog; path = "Preview Assets.xcassets"; sourceTree = "<group>"; };
		C17645A02C3F8DB800E60BE4 /* tlshot.entitlements */ = {isa = PBXFileReference; lastKnownFileType = text.plist.entitlements; path = tlshot.entitlements; sourceTree = "<group>"; };
		C17645A52C3F8DB800E60BE4 /* tlshotTests.xctest */ = {isa = PBXFileReference; explicitFileType = wrapper.cfbundle; includeInIndex = 0; path = tlshotTests.xctest; sourceTree = BUILT_PRODUCTS_DIR; };
		C17645A92C3F8DB800E60BE4 /* tlshotTests.swift */ = {isa = PBXFileReference; lastKnownFileType = sourcecode.swift; path = tlshotTests.swift; sourceTree = "<group>"; };
		C17645AF2C3F8DB800E60BE4 /* tlshotUITests.xctest */ = {isa = PBXFileReference; explicitFileType = wrapper.cfbundle; includeInIndex = 0; path = tlshotUITests.xctest; sourceTree = BUILT_PRODUCTS_DIR; };
		C17645B32C3F8DB800E60BE4 /* tlshotUITests.swift */ = {isa = PBXFileReference; lastKnownFileType = sourcecode.swift; path = tlshotUITests.swift; sourceTree = "<group>"; };
		C17645B52C3F8DB800E60BE4 /* tlshotUITestsLaunchTests.swift */ = {isa = PBXFileReference; lastKnownFileType = sourcecode.swift; path = tlshotUITestsLaunchTests.swift; sourceTree = "<group>"; };
		C17645C22C40303000E60BE4 /* CaptureWindow.swift */ = {isa = PBXFileReference; lastKnownFileType = sourcecode.swift; path = CaptureWindow.swift; sourceTree = "<group>"; };
		C17645C42C40847000E60BE4 /* PermissionWarningView.swift */ = {isa = PBXFileReference; lastKnownFileType = sourcecode.swift; path = PermissionWarningView.swift; sourceTree = "<group>"; };
		C17645C62C40965700E60BE4 /* OverlayPanel.swift */ = {isa = PBXFileReference; lastKnownFileType = sourcecode.swift; path = OverlayPanel.swift; sourceTree = "<group>"; };
		C17645C82C40C56100E60BE4 /* LoupeView.swift */ = {isa = PBXFileReference; lastKnownFileType = sourcecode.swift; path = LoupeView.swift; sourceTree = "<group>"; };
		C17645CA2C415C6A00E60BE4 /* CGRect+Coordinates.swift */ = {isa = PBXFileReference; lastKnownFileType = sourcecode.swift; path = "CGRect+Coordinates.swift"; sourceTree = "<group>"; };
		C17645CC2C418B4D00E60BE4 /* ScreenshotService.swift */ = {isa = PBXFileReference; lastKnownFileType = sourcecode.swift; path = ScreenshotService.swift; sourceTree = "<group>"; };
		C17645CE2C41B0C500E60BE4 /* WindowPicker.swift */ = {isa = PBXFileReference; lastKnownFileType = sourcecode.swift; path = WindowPicker.swift; sourceTree = "<group>"; };
		C17645D02C41B36400E60BE4 /* TldrawDocument.swift */ = {isa = PBXFileReference; lastKnownFileType = sourcecode.swift; path = TldrawDocument.swift; sourceTree = "<group>"; };
		C17645D22C41B7D000E60BE4 /* AreaSelectionOverlayManager.swift */ = {isa = PBXFileReference; lastKnownFileType = sourcecode.swift; path = AreaSelectionOverlayManager.swift; sourceTree = "<group>"; };
		C1CD215F2C47082A0079AAEF /* BridgeDelegate.swift */ = {isa = PBXFileReference; lastKnownFileType = sourcecode.swift; path = BridgeDelegate.swift; sourceTree = "<group>"; };
		C1CD21612C5188500079AAEF /* NotificationSupport.swift */ = {isa = PBXFileReference; lastKnownFileType = sourcecode.swift; path = NotificationSupport.swift; sourceTree = "<group>"; };
		C1CD21632C51C9C20079AAEF /* SaveDirectory.swift */ = {isa = PBXFileReference; lastKnownFileType = sourcecode.swift; path = SaveDirectory.swift; sourceTree = "<group>"; };
/* End PBXFileReference section */

/* Begin PBXFrameworksBuildPhase section */
		C17645912C3F8DB400E60BE4 /* Frameworks */ = {
			isa = PBXFrameworksBuildPhase;
			buildActionMask = 2147483647;
			files = (
			);
			runOnlyForDeploymentPostprocessing = 0;
		};
		C17645A22C3F8DB800E60BE4 /* Frameworks */ = {
			isa = PBXFrameworksBuildPhase;
			buildActionMask = 2147483647;
			files = (
			);
			runOnlyForDeploymentPostprocessing = 0;
		};
		C17645AC2C3F8DB800E60BE4 /* Frameworks */ = {
			isa = PBXFrameworksBuildPhase;
			buildActionMask = 2147483647;
			files = (
			);
			runOnlyForDeploymentPostprocessing = 0;
		};
/* End PBXFrameworksBuildPhase section */

/* Begin PBXGroup section */
		C176458B2C3F8DB400E60BE4 = {
			isa = PBXGroup;
			children = (
				C17645962C3F8DB400E60BE4 /* tlshot */,
				C17645A82C3F8DB800E60BE4 /* tlshotTests */,
				C17645B22C3F8DB800E60BE4 /* tlshotUITests */,
				C17645952C3F8DB400E60BE4 /* Products */,
			);
			sourceTree = "<group>";
		};
		C17645952C3F8DB400E60BE4 /* Products */ = {
			isa = PBXGroup;
			children = (
				C17645942C3F8DB400E60BE4 /* tlshot.app */,
				C17645A52C3F8DB800E60BE4 /* tlshotTests.xctest */,
				C17645AF2C3F8DB800E60BE4 /* tlshotUITests.xctest */,
			);
			name = Products;
			sourceTree = "<group>";
		};
		C17645962C3F8DB400E60BE4 /* tlshot */ = {
			isa = PBXGroup;
			children = (
				C149800B2C45EDE500C4E4D0 /* BridgeTypes.swift */,
				C149800D2C45F1E900C4E4D0 /* Bridge.swift */,
				C1CD215F2C47082A0079AAEF /* BridgeDelegate.swift */,
				C12AEF8E2C443E4600B29527 /* Cursors.swift */,
				C140CAEB2C457B1B00FAB807 /* ContourPathExtractor.swift */,
				C12AEF902C44852C00B29527 /* CursorDecorationOverlay.swift */,
				C17645972C3F8DB400E60BE4 /* TlshotApp.swift */,
				C12AEF8A2C4328D500B29527 /* AppDelegate.swift */,
				C12AEF8C2C43453C00B29527 /* CursorModifier.swift */,
				C12AEF882C4328B200B29527 /* ImageWindow.swift */,
				C1753ADC2C42447000BC7F6C /* Keycode.swift */,
				C1753ADA2C42148100BC7F6C /* ShieldOverlay.swift */,
				C17645D22C41B7D000E60BE4 /* AreaSelectionOverlayManager.swift */,
				C17645D02C41B36400E60BE4 /* TldrawDocument.swift */,
				C17645C62C40965700E60BE4 /* OverlayPanel.swift */,
				C17645C82C40C56100E60BE4 /* LoupeView.swift */,
				C17645CA2C415C6A00E60BE4 /* CGRect+Coordinates.swift */,
				C17645CC2C418B4D00E60BE4 /* ScreenshotService.swift */,
				C17645CE2C41B0C500E60BE4 /* WindowPicker.swift */,
				C17645C42C40847000E60BE4 /* PermissionWarningView.swift */,
				C17645C22C40303000E60BE4 /* CaptureWindow.swift */,
				C17645992C3F8DB400E60BE4 /* ContentView.swift */,
				C176459B2C3F8DB800E60BE4 /* Assets.xcassets */,
				C17645A02C3F8DB800E60BE4 /* tlshot.entitlements */,
				C176459D2C3F8DB800E60BE4 /* Preview Content */,
				C1448EAD2C459D2B00639D0D /* TldrawView.swift */,
				C1CD21612C5188500079AAEF /* NotificationSupport.swift */,
				C1CD21632C51C9C20079AAEF /* SaveDirectory.swift */,
			);
			path = tlshot;
			sourceTree = "<group>";
		};
		C176459D2C3F8DB800E60BE4 /* Preview Content */ = {
			isa = PBXGroup;
			children = (
				C176459E2C3F8DB800E60BE4 /* Preview Assets.xcassets */,
			);
			path = "Preview Content";
			sourceTree = "<group>";
		};
		C17645A82C3F8DB800E60BE4 /* tlshotTests */ = {
			isa = PBXGroup;
			children = (
				C17645A92C3F8DB800E60BE4 /* tlshotTests.swift */,
			);
			path = tlshotTests;
			sourceTree = "<group>";
		};
		C17645B22C3F8DB800E60BE4 /* tlshotUITests */ = {
			isa = PBXGroup;
			children = (
				C17645B32C3F8DB800E60BE4 /* tlshotUITests.swift */,
				C17645B52C3F8DB800E60BE4 /* tlshotUITestsLaunchTests.swift */,
			);
			path = tlshotUITests;
			sourceTree = "<group>";
		};
/* End PBXGroup section */

/* Begin PBXNativeTarget section */
		C17645932C3F8DB400E60BE4 /* tlshot */ = {
			isa = PBXNativeTarget;
			buildConfigurationList = C17645B92C3F8DB800E60BE4 /* Build configuration list for PBXNativeTarget "tlshot" */;
			buildPhases = (
				C17645902C3F8DB400E60BE4 /* Sources */,
				C17645912C3F8DB400E60BE4 /* Frameworks */,
				C17645922C3F8DB400E60BE4 /* Resources */,
			);
			buildRules = (
			);
			dependencies = (
			);
			name = tlshot;
			productName = tlshot;
			productReference = C17645942C3F8DB400E60BE4 /* tlshot.app */;
			productType = "com.apple.product-type.application";
		};
		C17645A42C3F8DB800E60BE4 /* tlshotTests */ = {
			isa = PBXNativeTarget;
			buildConfigurationList = C17645BC2C3F8DB800E60BE4 /* Build configuration list for PBXNativeTarget "tlshotTests" */;
			buildPhases = (
				C17645A12C3F8DB800E60BE4 /* Sources */,
				C17645A22C3F8DB800E60BE4 /* Frameworks */,
				C17645A32C3F8DB800E60BE4 /* Resources */,
			);
			buildRules = (
			);
			dependencies = (
				C17645A72C3F8DB800E60BE4 /* PBXTargetDependency */,
			);
			name = tlshotTests;
			productName = tlshotTests;
			productReference = C17645A52C3F8DB800E60BE4 /* tlshotTests.xctest */;
			productType = "com.apple.product-type.bundle.unit-test";
		};
		C17645AE2C3F8DB800E60BE4 /* tlshotUITests */ = {
			isa = PBXNativeTarget;
			buildConfigurationList = C17645BF2C3F8DB800E60BE4 /* Build configuration list for PBXNativeTarget "tlshotUITests" */;
			buildPhases = (
				C17645AB2C3F8DB800E60BE4 /* Sources */,
				C17645AC2C3F8DB800E60BE4 /* Frameworks */,
				C17645AD2C3F8DB800E60BE4 /* Resources */,
			);
			buildRules = (
			);
			dependencies = (
				C17645B12C3F8DB800E60BE4 /* PBXTargetDependency */,
			);
			name = tlshotUITests;
			productName = tlshotUITests;
			productReference = C17645AF2C3F8DB800E60BE4 /* tlshotUITests.xctest */;
			productType = "com.apple.product-type.bundle.ui-testing";
		};
/* End PBXNativeTarget section */

/* Begin PBXProject section */
		C176458C2C3F8DB400E60BE4 /* Project object */ = {
			isa = PBXProject;
			attributes = {
				BuildIndependentTargetsInParallel = 1;
				LastSwiftUpdateCheck = 1540;
				LastUpgradeCheck = 1540;
				TargetAttributes = {
					C17645932C3F8DB400E60BE4 = {
						CreatedOnToolsVersion = 15.4;
					};
					C17645A42C3F8DB800E60BE4 = {
						CreatedOnToolsVersion = 15.4;
						TestTargetID = C17645932C3F8DB400E60BE4;
					};
					C17645AE2C3F8DB800E60BE4 = {
						CreatedOnToolsVersion = 15.4;
						TestTargetID = C17645932C3F8DB400E60BE4;
					};
				};
			};
			buildConfigurationList = C176458F2C3F8DB400E60BE4 /* Build configuration list for PBXProject "tlshot" */;
			compatibilityVersion = "Xcode 14.0";
			developmentRegion = en;
			hasScannedForEncodings = 0;
			knownRegions = (
				en,
				Base,
			);
			mainGroup = C176458B2C3F8DB400E60BE4;
			productRefGroup = C17645952C3F8DB400E60BE4 /* Products */;
			projectDirPath = "";
			projectRoot = "";
			targets = (
				C17645932C3F8DB400E60BE4 /* tlshot */,
				C17645A42C3F8DB800E60BE4 /* tlshotTests */,
				C17645AE2C3F8DB800E60BE4 /* tlshotUITests */,
			);
		};
/* End PBXProject section */

/* Begin PBXResourcesBuildPhase section */
		C17645922C3F8DB400E60BE4 /* Resources */ = {
			isa = PBXResourcesBuildPhase;
			buildActionMask = 2147483647;
			files = (
				C176459F2C3F8DB800E60BE4 /* Preview Assets.xcassets in Resources */,
				C176459C2C3F8DB800E60BE4 /* Assets.xcassets in Resources */,
			);
			runOnlyForDeploymentPostprocessing = 0;
		};
		C17645A32C3F8DB800E60BE4 /* Resources */ = {
			isa = PBXResourcesBuildPhase;
			buildActionMask = 2147483647;
			files = (
			);
			runOnlyForDeploymentPostprocessing = 0;
		};
		C17645AD2C3F8DB800E60BE4 /* Resources */ = {
			isa = PBXResourcesBuildPhase;
			buildActionMask = 2147483647;
			files = (
			);
			runOnlyForDeploymentPostprocessing = 0;
		};
/* End PBXResourcesBuildPhase section */

/* Begin PBXSourcesBuildPhase section */
		C17645902C3F8DB400E60BE4 /* Sources */ = {
			isa = PBXSourcesBuildPhase;
			buildActionMask = 2147483647;
			files = (
				C1CD21622C5188500079AAEF /* NotificationSupport.swift in Sources */,
				C1753ADD2C42447000BC7F6C /* Keycode.swift in Sources */,
				C12AEF8F2C443E4600B29527 /* Cursors.swift in Sources */,
				C149800C2C45EDE500C4E4D0 /* BridgeTypes.swift in Sources */,
				C140CAEC2C457B1B00FAB807 /* ContourPathExtractor.swift in Sources */,
				C12AEF892C4328B200B29527 /* ImageWindow.swift in Sources */,
				C17645C92C40C56100E60BE4 /* LoupeView.swift in Sources */,
				C12AEF8B2C4328D500B29527 /* AppDelegate.swift in Sources */,
				C17645CD2C418B4D00E60BE4 /* ScreenshotService.swift in Sources */,
				C17645C52C40847000E60BE4 /* PermissionWarningView.swift in Sources */,
				C17645CF2C41B0C500E60BE4 /* WindowPicker.swift in Sources */,
				C17645D12C41B36400E60BE4 /* TldrawDocument.swift in Sources */,
				C176459A2C3F8DB400E60BE4 /* ContentView.swift in Sources */,
				C149800E2C45F1E900C4E4D0 /* Bridge.swift in Sources */,
				C17645982C3F8DB400E60BE4 /* TlshotApp.swift in Sources */,
				C17645D32C41B7D000E60BE4 /* AreaSelectionOverlayManager.swift in Sources */,
				C12AEF912C44852C00B29527 /* CursorDecorationOverlay.swift in Sources */,
				C1CD21602C47082A0079AAEF /* BridgeDelegate.swift in Sources */,
				C17645CB2C415C6A00E60BE4 /* CGRect+Coordinates.swift in Sources */,
				C12AEF8D2C43453C00B29527 /* CursorModifier.swift in Sources */,
				C1448EAE2C459D2B00639D0D /* TldrawView.swift in Sources */,
				C1753ADB2C42148100BC7F6C /* ShieldOverlay.swift in Sources */,
				C17645C72C40965700E60BE4 /* OverlayPanel.swift in Sources */,
				C17645C32C40303000E60BE4 /* CaptureWindow.swift in Sources */,
				C1CD21642C51C9C20079AAEF /* SaveDirectory.swift in Sources */,
			);
			runOnlyForDeploymentPostprocessing = 0;
		};
		C17645A12C3F8DB800E60BE4 /* Sources */ = {
			isa = PBXSourcesBuildPhase;
			buildActionMask = 2147483647;
			files = (
				C17645AA2C3F8DB800E60BE4 /* tlshotTests.swift in Sources */,
			);
			runOnlyForDeploymentPostprocessing = 0;
		};
		C17645AB2C3F8DB800E60BE4 /* Sources */ = {
			isa = PBXSourcesBuildPhase;
			buildActionMask = 2147483647;
			files = (
				C17645B62C3F8DB800E60BE4 /* tlshotUITestsLaunchTests.swift in Sources */,
				C17645B42C3F8DB800E60BE4 /* tlshotUITests.swift in Sources */,
			);
			runOnlyForDeploymentPostprocessing = 0;
		};
/* End PBXSourcesBuildPhase section */

/* Begin PBXTargetDependency section */
		C17645A72C3F8DB800E60BE4 /* PBXTargetDependency */ = {
			isa = PBXTargetDependency;
			target = C17645932C3F8DB400E60BE4 /* tlshot */;
			targetProxy = C17645A62C3F8DB800E60BE4 /* PBXContainerItemProxy */;
		};
		C17645B12C3F8DB800E60BE4 /* PBXTargetDependency */ = {
			isa = PBXTargetDependency;
			target = C17645932C3F8DB400E60BE4 /* tlshot */;
			targetProxy = C17645B02C3F8DB800E60BE4 /* PBXContainerItemProxy */;
		};
/* End PBXTargetDependency section */

/* Begin XCBuildConfiguration section */
		C17645B72C3F8DB800E60BE4 /* Debug */ = {
			isa = XCBuildConfiguration;
			buildSettings = {
				ALWAYS_SEARCH_USER_PATHS = NO;
				ASSETCATALOG_COMPILER_GENERATE_SWIFT_ASSET_SYMBOL_EXTENSIONS = YES;
				CLANG_ANALYZER_NONNULL = YES;
				CLANG_ANALYZER_NUMBER_OBJECT_CONVERSION = YES_AGGRESSIVE;
				CLANG_CXX_LANGUAGE_STANDARD = "gnu++20";
				CLANG_ENABLE_MODULES = YES;
				CLANG_ENABLE_OBJC_ARC = YES;
				CLANG_ENABLE_OBJC_WEAK = YES;
				CLANG_WARN_BLOCK_CAPTURE_AUTORELEASING = YES;
				CLANG_WARN_BOOL_CONVERSION = YES;
				CLANG_WARN_COMMA = YES;
				CLANG_WARN_CONSTANT_CONVERSION = YES;
				CLANG_WARN_DEPRECATED_OBJC_IMPLEMENTATIONS = YES;
				CLANG_WARN_DIRECT_OBJC_ISA_USAGE = YES_ERROR;
				CLANG_WARN_DOCUMENTATION_COMMENTS = YES;
				CLANG_WARN_EMPTY_BODY = YES;
				CLANG_WARN_ENUM_CONVERSION = YES;
				CLANG_WARN_INFINITE_RECURSION = YES;
				CLANG_WARN_INT_CONVERSION = YES;
				CLANG_WARN_NON_LITERAL_NULL_CONVERSION = YES;
				CLANG_WARN_OBJC_IMPLICIT_RETAIN_SELF = YES;
				CLANG_WARN_OBJC_LITERAL_CONVERSION = YES;
				CLANG_WARN_OBJC_ROOT_CLASS = YES_ERROR;
				CLANG_WARN_QUOTED_INCLUDE_IN_FRAMEWORK_HEADER = YES;
				CLANG_WARN_RANGE_LOOP_ANALYSIS = YES;
				CLANG_WARN_STRICT_PROTOTYPES = YES;
				CLANG_WARN_SUSPICIOUS_MOVE = YES;
				CLANG_WARN_UNGUARDED_AVAILABILITY = YES_AGGRESSIVE;
				CLANG_WARN_UNREACHABLE_CODE = YES;
				CLANG_WARN__DUPLICATE_METHOD_MATCH = YES;
				COPY_PHASE_STRIP = NO;
				DEBUG_INFORMATION_FORMAT = dwarf;
				ENABLE_STRICT_OBJC_MSGSEND = YES;
				ENABLE_TESTABILITY = YES;
				ENABLE_USER_SCRIPT_SANDBOXING = YES;
				GCC_C_LANGUAGE_STANDARD = gnu17;
				GCC_DYNAMIC_NO_PIC = NO;
				GCC_NO_COMMON_BLOCKS = YES;
				GCC_OPTIMIZATION_LEVEL = 0;
				GCC_PREPROCESSOR_DEFINITIONS = (
					"DEBUG=1",
					"$(inherited)",
				);
				GCC_WARN_64_TO_32_BIT_CONVERSION = YES;
				GCC_WARN_ABOUT_RETURN_TYPE = YES_ERROR;
				GCC_WARN_UNDECLARED_SELECTOR = YES;
				GCC_WARN_UNINITIALIZED_AUTOS = YES_AGGRESSIVE;
				GCC_WARN_UNUSED_FUNCTION = YES;
				GCC_WARN_UNUSED_VARIABLE = YES;
				LOCALIZATION_PREFERS_STRING_CATALOGS = YES;
				MACOSX_DEPLOYMENT_TARGET = 14.5;
				MTL_ENABLE_DEBUG_INFO = INCLUDE_SOURCE;
				MTL_FAST_MATH = YES;
				ONLY_ACTIVE_ARCH = YES;
				SDKROOT = macosx;
				SWIFT_ACTIVE_COMPILATION_CONDITIONS = "DEBUG $(inherited)";
				SWIFT_OPTIMIZATION_LEVEL = "-Onone";
			};
			name = Debug;
		};
		C17645B82C3F8DB800E60BE4 /* Release */ = {
			isa = XCBuildConfiguration;
			buildSettings = {
				ALWAYS_SEARCH_USER_PATHS = NO;
				ASSETCATALOG_COMPILER_GENERATE_SWIFT_ASSET_SYMBOL_EXTENSIONS = YES;
				CLANG_ANALYZER_NONNULL = YES;
				CLANG_ANALYZER_NUMBER_OBJECT_CONVERSION = YES_AGGRESSIVE;
				CLANG_CXX_LANGUAGE_STANDARD = "gnu++20";
				CLANG_ENABLE_MODULES = YES;
				CLANG_ENABLE_OBJC_ARC = YES;
				CLANG_ENABLE_OBJC_WEAK = YES;
				CLANG_WARN_BLOCK_CAPTURE_AUTORELEASING = YES;
				CLANG_WARN_BOOL_CONVERSION = YES;
				CLANG_WARN_COMMA = YES;
				CLANG_WARN_CONSTANT_CONVERSION = YES;
				CLANG_WARN_DEPRECATED_OBJC_IMPLEMENTATIONS = YES;
				CLANG_WARN_DIRECT_OBJC_ISA_USAGE = YES_ERROR;
				CLANG_WARN_DOCUMENTATION_COMMENTS = YES;
				CLANG_WARN_EMPTY_BODY = YES;
				CLANG_WARN_ENUM_CONVERSION = YES;
				CLANG_WARN_INFINITE_RECURSION = YES;
				CLANG_WARN_INT_CONVERSION = YES;
				CLANG_WARN_NON_LITERAL_NULL_CONVERSION = YES;
				CLANG_WARN_OBJC_IMPLICIT_RETAIN_SELF = YES;
				CLANG_WARN_OBJC_LITERAL_CONVERSION = YES;
				CLANG_WARN_OBJC_ROOT_CLASS = YES_ERROR;
				CLANG_WARN_QUOTED_INCLUDE_IN_FRAMEWORK_HEADER = YES;
				CLANG_WARN_RANGE_LOOP_ANALYSIS = YES;
				CLANG_WARN_STRICT_PROTOTYPES = YES;
				CLANG_WARN_SUSPICIOUS_MOVE = YES;
				CLANG_WARN_UNGUARDED_AVAILABILITY = YES_AGGRESSIVE;
				CLANG_WARN_UNREACHABLE_CODE = YES;
				CLANG_WARN__DUPLICATE_METHOD_MATCH = YES;
				COPY_PHASE_STRIP = NO;
				DEBUG_INFORMATION_FORMAT = "dwarf-with-dsym";
				ENABLE_NS_ASSERTIONS = NO;
				ENABLE_STRICT_OBJC_MSGSEND = YES;
				ENABLE_USER_SCRIPT_SANDBOXING = YES;
				GCC_C_LANGUAGE_STANDARD = gnu17;
				GCC_NO_COMMON_BLOCKS = YES;
				GCC_WARN_64_TO_32_BIT_CONVERSION = YES;
				GCC_WARN_ABOUT_RETURN_TYPE = YES_ERROR;
				GCC_WARN_UNDECLARED_SELECTOR = YES;
				GCC_WARN_UNINITIALIZED_AUTOS = YES_AGGRESSIVE;
				GCC_WARN_UNUSED_FUNCTION = YES;
				GCC_WARN_UNUSED_VARIABLE = YES;
				LOCALIZATION_PREFERS_STRING_CATALOGS = YES;
				MACOSX_DEPLOYMENT_TARGET = 14.5;
				MTL_ENABLE_DEBUG_INFO = NO;
				MTL_FAST_MATH = YES;
				SDKROOT = macosx;
				SWIFT_COMPILATION_MODE = wholemodule;
			};
			name = Release;
		};
		C17645BA2C3F8DB800E60BE4 /* Debug */ = {
			isa = XCBuildConfiguration;
			buildSettings = {
				ASSETCATALOG_COMPILER_APPICON_NAME = AppIcon;
				ASSETCATALOG_COMPILER_GLOBAL_ACCENT_COLOR_NAME = AccentColor;
				CODE_SIGN_ENTITLEMENTS = tlshot/tlshot.entitlements;
				CODE_SIGN_STYLE = Automatic;
				COMBINE_HIDPI_IMAGES = YES;
				CURRENT_PROJECT_VERSION = 1;
				DEVELOPMENT_ASSET_PATHS = "\"tlshot/Preview Content\"";
				DEVELOPMENT_TEAM = 24KB875A7B;
				ENABLE_HARDENED_RUNTIME = YES;
				ENABLE_PREVIEWS = YES;
				GENERATE_INFOPLIST_FILE = YES;
				INFOPLIST_KEY_NSHumanReadableCopyright = "";
				LD_RUNPATH_SEARCH_PATHS = (
					"$(inherited)",
					"@executable_path/../Frameworks",
				);
				MARKETING_VERSION = 1.0;
				PRODUCT_BUNDLE_IDENTIFIER = tl.jake.tlshot;
				PRODUCT_NAME = "$(TARGET_NAME)";
				SWIFT_EMIT_LOC_STRINGS = YES;
				SWIFT_VERSION = 5.0;
			};
			name = Debug;
		};
		C17645BB2C3F8DB800E60BE4 /* Release */ = {
			isa = XCBuildConfiguration;
			buildSettings = {
				ASSETCATALOG_COMPILER_APPICON_NAME = AppIcon;
				ASSETCATALOG_COMPILER_GLOBAL_ACCENT_COLOR_NAME = AccentColor;
				CODE_SIGN_ENTITLEMENTS = tlshot/tlshot.entitlements;
				CODE_SIGN_STYLE = Automatic;
				COMBINE_HIDPI_IMAGES = YES;
				CURRENT_PROJECT_VERSION = 1;
				DEVELOPMENT_ASSET_PATHS = "\"tlshot/Preview Content\"";
				DEVELOPMENT_TEAM = 24KB875A7B;
				ENABLE_HARDENED_RUNTIME = YES;
				ENABLE_PREVIEWS = YES;
				GENERATE_INFOPLIST_FILE = YES;
				INFOPLIST_KEY_NSHumanReadableCopyright = "";
				LD_RUNPATH_SEARCH_PATHS = (
					"$(inherited)",
					"@executable_path/../Frameworks",
				);
				MARKETING_VERSION = 1.0;
				PRODUCT_BUNDLE_IDENTIFIER = tl.jake.tlshot;
				PRODUCT_NAME = "$(TARGET_NAME)";
				SWIFT_EMIT_LOC_STRINGS = YES;
				SWIFT_VERSION = 5.0;
			};
			name = Release;
		};
		C17645BD2C3F8DB800E60BE4 /* Debug */ = {
			isa = XCBuildConfiguration;
			buildSettings = {
				ALWAYS_EMBED_SWIFT_STANDARD_LIBRARIES = YES;
				BUNDLE_LOADER = "$(TEST_HOST)";
				CODE_SIGN_STYLE = Automatic;
				CURRENT_PROJECT_VERSION = 1;
				DEVELOPMENT_TEAM = 24KB875A7B;
				GENERATE_INFOPLIST_FILE = YES;
				MACOSX_DEPLOYMENT_TARGET = 14.5;
				MARKETING_VERSION = 1.0;
				PRODUCT_BUNDLE_IDENTIFIER = tl.jake.tlshotTests;
				PRODUCT_NAME = "$(TARGET_NAME)";
				SWIFT_EMIT_LOC_STRINGS = NO;
				SWIFT_VERSION = 5.0;
				TEST_HOST = "$(BUILT_PRODUCTS_DIR)/tlshot.app/$(BUNDLE_EXECUTABLE_FOLDER_PATH)/tlshot";
			};
			name = Debug;
		};
		C17645BE2C3F8DB800E60BE4 /* Release */ = {
			isa = XCBuildConfiguration;
			buildSettings = {
				ALWAYS_EMBED_SWIFT_STANDARD_LIBRARIES = YES;
				BUNDLE_LOADER = "$(TEST_HOST)";
				CODE_SIGN_STYLE = Automatic;
				CURRENT_PROJECT_VERSION = 1;
				DEVELOPMENT_TEAM = 24KB875A7B;
				GENERATE_INFOPLIST_FILE = YES;
				MACOSX_DEPLOYMENT_TARGET = 14.5;
				MARKETING_VERSION = 1.0;
				PRODUCT_BUNDLE_IDENTIFIER = tl.jake.tlshotTests;
				PRODUCT_NAME = "$(TARGET_NAME)";
				SWIFT_EMIT_LOC_STRINGS = NO;
				SWIFT_VERSION = 5.0;
				TEST_HOST = "$(BUILT_PRODUCTS_DIR)/tlshot.app/$(BUNDLE_EXECUTABLE_FOLDER_PATH)/tlshot";
			};
			name = Release;
		};
		C17645C02C3F8DB800E60BE4 /* Debug */ = {
			isa = XCBuildConfiguration;
			buildSettings = {
				ALWAYS_EMBED_SWIFT_STANDARD_LIBRARIES = YES;
				CODE_SIGN_STYLE = Automatic;
				CURRENT_PROJECT_VERSION = 1;
				DEVELOPMENT_TEAM = 24KB875A7B;
				GENERATE_INFOPLIST_FILE = YES;
				MARKETING_VERSION = 1.0;
				PRODUCT_BUNDLE_IDENTIFIER = tl.jake.tlshotUITests;
				PRODUCT_NAME = "$(TARGET_NAME)";
				SWIFT_EMIT_LOC_STRINGS = NO;
				SWIFT_VERSION = 5.0;
				TEST_TARGET_NAME = tlshot;
			};
			name = Debug;
		};
		C17645C12C3F8DB800E60BE4 /* Release */ = {
			isa = XCBuildConfiguration;
			buildSettings = {
				ALWAYS_EMBED_SWIFT_STANDARD_LIBRARIES = YES;
				CODE_SIGN_STYLE = Automatic;
				CURRENT_PROJECT_VERSION = 1;
				DEVELOPMENT_TEAM = 24KB875A7B;
				GENERATE_INFOPLIST_FILE = YES;
				MARKETING_VERSION = 1.0;
				PRODUCT_BUNDLE_IDENTIFIER = tl.jake.tlshotUITests;
				PRODUCT_NAME = "$(TARGET_NAME)";
				SWIFT_EMIT_LOC_STRINGS = NO;
				SWIFT_VERSION = 5.0;
				TEST_TARGET_NAME = tlshot;
			};
			name = Release;
		};
/* End XCBuildConfiguration section */

/* Begin XCConfigurationList section */
		C176458F2C3F8DB400E60BE4 /* Build configuration list for PBXProject "tlshot" */ = {
			isa = XCConfigurationList;
			buildConfigurations = (
				C17645B72C3F8DB800E60BE4 /* Debug */,
				C17645B82C3F8DB800E60BE4 /* Release */,
			);
			defaultConfigurationIsVisible = 0;
			defaultConfigurationName = Release;
		};
		C17645B92C3F8DB800E60BE4 /* Build configuration list for PBXNativeTarget "tlshot" */ = {
			isa = XCConfigurationList;
			buildConfigurations = (
				C17645BA2C3F8DB800E60BE4 /* Debug */,
				C17645BB2C3F8DB800E60BE4 /* Release */,
			);
			defaultConfigurationIsVisible = 0;
			defaultConfigurationName = Release;
		};
		C17645BC2C3F8DB800E60BE4 /* Build configuration list for PBXNativeTarget "tlshotTests" */ = {
			isa = XCConfigurationList;
			buildConfigurations = (
				C17645BD2C3F8DB800E60BE4 /* Debug */,
				C17645BE2C3F8DB800E60BE4 /* Release */,
			);
			defaultConfigurationIsVisible = 0;
			defaultConfigurationName = Release;
		};
		C17645BF2C3F8DB800E60BE4 /* Build configuration list for PBXNativeTarget "tlshotUITests" */ = {
			isa = XCConfigurationList;
			buildConfigurations = (
				C17645C02C3F8DB800E60BE4 /* Debug */,
				C17645C12C3F8DB800E60BE4 /* Release */,
			);
			defaultConfigurationIsVisible = 0;
			defaultConfigurationName = Release;
		};
/* End XCConfigurationList section */
	};
	rootObject = C176458C2C3F8DB400E60BE4 /* Project object */;
}
